
Microsoft Visual Studio Solution File, Format Version 12.00
# Visual Studio Version 16
VisualStudioVersion = 16.0.30523.141
MinimumVisualStudioVersion = 10.0.40219.1
Project("{FAE04EC0-301F-11D3-BF4B-00C04F79EFBC}") = "toolkit v1", "toolkit v1\toolkit v1.csproj", "{A5A2CFD2-EBB2-49AF-8FFD-424BCC1141DA}"
EndProject
Global
	GlobalSection(SolutionConfigurationPlatforms) = preSolution
		Debug|Any CPU = Debug|Any CPU
		Release|Any CPU = Release|Any CPU
	EndGlobalSection
	GlobalSection(ProjectConfigurationPlatforms) = postSolution
		{A5A2CFD2-EBB2-49AF-8FFD-424BCC1141DA}.Debug|Any CPU.ActiveCfg = Debug|Any CPU
		{A5A2CFD2-EBB2-49AF-8FFD-424BCC1141DA}.Debug|Any CPU.Build.0 = Debug|Any CPU
		{A5A2CFD2-EBB2-49AF-8FFD-424BCC1141DA}.Release|Any CPU.ActiveCfg = Release|Any CPU
		{A5A2CFD2-EBB2-49AF-8FFD-424BCC1141DA}.Release|Any CPU.Build.0 = Release|Any CPU
	EndGlobalSection
	GlobalSection(SolutionProperties) = preSolution
		HideSolutionNode = FALSE
	EndGlobalSection
	GlobalSection(ExtensibilityGlobals) = postSolution
		SolutionGuid = {05BC3A2F-6B0D-494A-9E8A-5E6AE50C49ED}
	EndGlobalSection
EndGlobal
